
Microsoft Visual Studio Solution File, Format Version 12.00
Project("{FAE04EC0-301F-11D3-BF4B-00C04F79EFBC}") = "Auth", "Auth\Auth.csproj", "{F4B501D5-C050-4AA4-A5A9-4E2A52BF580E}"
EndProject
Project("{FAE04EC0-301F-11D3-BF4B-00C04F79EFBC}") = "ProjectManagement", "ProjectManagement\ProjectManagement.csproj", "{2F10A093-37E4-4FC3-AFC2-FEADDA84F167}"
EndProject
Global
	GlobalSection(SolutionConfigurationPlatforms) = preSolution
		Debug|Any CPU = Debug|Any CPU
		Release|Any CPU = Release|Any CPU
	EndGlobalSection
	GlobalSection(ProjectConfigurationPlatforms) = postSolution
		{F4B501D5-C050-4AA4-A5A9-4E2A52BF580E}.Debug|Any CPU.ActiveCfg = Debug|Any CPU
		{F4B501D5-C050-4AA4-A5A9-4E2A52BF580E}.Debug|Any CPU.Build.0 = Debug|Any CPU
		{F4B501D5-C050-4AA4-A5A9-4E2A52BF580E}.Release|Any CPU.ActiveCfg = Release|Any CPU
		{F4B501D5-C050-4AA4-A5A9-4E2A52BF580E}.Release|Any CPU.Build.0 = Release|Any CPU
		{2F10A093-37E4-4FC3-AFC2-FEADDA84F167}.Debug|Any CPU.ActiveCfg = Debug|Any CPU
		{2F10A093-37E4-4FC3-AFC2-FEADDA84F167}.Debug|Any CPU.Build.0 = Debug|Any CPU
		{2F10A093-37E4-4FC3-AFC2-FEADDA84F167}.Release|Any CPU.ActiveCfg = Release|Any CPU
		{2F10A093-37E4-4FC3-AFC2-FEADDA84F167}.Release|Any CPU.Build.0 = Release|Any CPU
	EndGlobalSection
EndGlobal
